version = 1
revision = 3
requires-python = ">=3.11, <3.13"

[[package]]
name = "colorama"
version = "0.4.6"
source = { registry = "https://pypi.org/simple" }
sdist = { url = "https://files.pythonhosted.org/packages/d8/53/6f443c9a4a8358a93a6792e2acffb9d9d5cb0a5cfd8802644b7b1c9a02e4/colorama-0.4.6.tar.gz", hash = "sha256:08695f5cb7ed6e0531a20572697297273c47b8cae5a63ffc6d6ed5c201be6e44", size = 27697, upload-time = "2022-10-25T02:36:22.414Z" }
wheels = [
    { url = "https://files.pythonhosted.org/packages/d1/d6/3965ed04c63042e047cb6a3e6ed1a63a35087b6a609aa3a15ed8ac56c221/colorama-0.4.6-py2.py3-none-any.whl", hash = "sha256:4f1d9991f5acc0ca119f9d443620b77f9d6b33703e51011c16baf57afb285fc6", size = 25335, upload-time = "2022-10-25T02:36:20.889Z" },
]

[[package]]
name = "loguru"
version = "0.7.3"
source = { registry = "https://pypi.org/simple" }
dependencies = [
    { name = "colorama", marker = "sys_platform == 'win32'" },
    { name = "win32-setctime", marker = "sys_platform == 'win32'" },
]
sdist = { url = "https://files.pythonhosted.org/packages/3a/05/a1dae3dffd1116099471c643b8924f5aa6524411dc6c63fdae648c4f1aca/loguru-0.7.3.tar.gz", hash = "sha256:19480589e77d47b8d85b2c827ad95d49bf31b0dcde16593892eb51dd18706eb6", size = 63559, upload-time = "2024-12-06T11:20:56.608Z" }
wheels = [
    { url = "https://files.pythonhosted.org/packages/0c/29/0348de65b8cc732daa3e33e67806420b2ae89bdce2b04af740289c5c6c8c/loguru-0.7.3-py3-none-any.whl", hash = "sha256:31a33c10c8e1e10422bfd431aeb5d351c7cf7fa671e3c4df004162264b28220c", size = 61595, upload-time = "2024-12-06T11:20:54.538Z" },
]

[[package]]
name = "orjson"
version = "3.11.8"
source = { registry = "https://pypi.org/simple" }
sdist = { url = "https://files.pythonhosted.org/packages/9d/1b/2024d06792d0779f9dbc51531b61c24f76c75b9f4ce05e6f3377a1814cea/orjson-3.11.8.tar.gz", hash = "sha256:96163d9cdc5a202703e9ad1b9ae757d5f0ca62f4fa0cc93d1f27b0e180cc404e", size = 5603832, upload-time = "2026-03-31T16:16:27.878Z" }
wheels = [
    { url = "https://files.pythonhosted.org/packages/67/41/5aa7fa3b0f4dc6b47dcafc3cea909299c37e40e9972feabc8b6a74e2730d/orjson-3.11.8-cp311-cp311-macosx_10_15_x86_64.macosx_11_0_arm64.macosx_10_15_universal2.whl", hash = "sha256:003646067cc48b7fcab2ae0c562491c9b5d2cbd43f1e5f16d98fd118c5522d34", size = 229229, upload-time = "2026-03-31T16:14:50.424Z" },
    { url = "https://files.pythonhosted.org/packages/0a/d7/57e7f2458e0a2c41694f39fc830030a13053a84f837a5b73423dca1f0938/orjson-3.11.8-cp311-cp311-macosx_15_0_arm64.whl", hash = "sha256:ed193ce51d77a3830cad399a529cd4ef029968761f43ddc549e1bc62b40d88f8", size = 128871, upload-time = "2026-03-31T16:14:51.888Z" },
    { url = "https://files.pythonhosted.org/packages/53/4a/e0fdb9430983e6c46e0299559275025075568aad5d21dd606faee3703924/orjson-3.11.8-cp311-cp311-manylinux_2_17_aarch64.manylinux2014_aarch64.whl", hash = "sha256:f30491bc4f862aa15744b9738517454f1e46e56c972a2be87d70d727d5b2a8f8", size = 132104, upload-time = "2026-03-31T16:14:53.142Z" },
    { url = "https://files.pythonhosted.org/packages/08/4a/2025a60ff3f5c8522060cda46612d9b1efa653de66ed2908591d8d82f22d/orjson-3.11.8-cp311-cp311-manylinux_2_17_armv7l.manylinux2014_armv7l.whl", hash = "sha256:6eda5b8b6be91d3f26efb7dc6e5e68ee805bc5617f65a328587b35255f138bf4", size = 130483, upload-time = "2026-03-31T16:14:54.605Z" },
    { url = "https://files.pythonhosted.org/packages/2d/3c/b9cde05bdc7b2385c66014e0620627da638d3d04e4954416ab48c31196c5/orjson-3.11.8-cp311-cp311-manylinux_2_17_i686.manylinux2014_i686.whl", hash = "sha256:ee8db7bfb6fe03581bbab54d7c4124a6dd6a7f4273a38f7267197890f094675f", size = 135481, upload-time = "2026-03-31T16:14:55.901Z" },
    { url = "https://files.pythonhosted.org/packages/ff/f2/a8238e7734de7cb589fed319857a8025d509c89dc52fdcc88f39c6d03d5a/orjson-3.11.8-cp311-cp311-manylinux_2_17_ppc64le.manylinux2014_ppc64le.whl", hash = "sha256:5d8b5231de76c528a46b57010bbd83fb51e056aa0220a372fd5065e978406f1c", size = 146819, upload-time = "2026-03-31T16:14:57.548Z" },
    { url = "https://files.pythonhosted.org/packages/db/10/dbf1e2a3cafea673b1b4350e371877b759060d6018a998643b7040e5de48/orjson-3.11.8-cp311-cp311-manylinux_2_17_s390x.manylinux2014_s390x.whl", hash = "sha256:58a4a208a6fbfdb7a7327b8f201c6014f189f721fd55d047cafc4157af1bc62a", size = 132846, upload-time = "2026-03-31T16:14:58.91Z" },
    { url = "https://files.pythonhosted.org/packages/f8/fc/55e667ec9c85694038fcff00573d221b085d50777368ee3d77f38668bf3c/orjson-3.11.8-cp311-cp311-manylinux_2_17_x86_64.manylinux2014_x86_64.whl", hash = "sha256:5f8952d6d2505c003e8f0224ff7858d341fa4e33fef82b91c4ff0ef070f2393c", size = 133580, upload-time = "2026-03-31T16:15:00.519Z" },
    { url = "https://files.pythonhosted.org/packages/7e/a6/c08c589a9aad0cb46c4831d17de212a2b6901f9d976814321ff8e69e8785/orjson-3.11.8-cp311-cp311-musllinux_1_2_aarch64.whl", hash = "sha256:0022bb50f90da04b009ce32c512dc1885910daa7cb10b7b0cba4505b16db82a8", size = 142042, upload-time = "2026-03-31T16:15:01.906Z" },
    { url = "https://files.pythonhosted.org/packages/5c/cc/2f78ea241d52b717d2efc38878615fe80425bf2beb6e68c984dde257a766/orjson-3.11.8-cp311-cp311-musllinux_1_2_armv7l.whl", hash = "sha256:ff51f9d657d1afb6f410cb435792ce4e1fe427aab23d2fcd727a2876e21d4cb6", size = 423845, upload-time = "2026-03-31T16:15:03.703Z" },
    { url = "https://files.pythonhosted.org/packages/70/07/c17dcf05dd8045457538428a983bf1f1127928df5bf328cb24d2b7cddacb/orjson-3.11.8-cp311-cp311-musllinux_1_2_i686.whl", hash = "sha256:6dbe9a97bdb4d8d9d5367b52a7c32549bba70b2739c58ef74a6964a6d05ae054", size = 147729, upload-time = "2026-03-31T16:15:05.203Z" },
    { url = "https://files.pythonhosted.org/packages/90/6c/0fb6e8a24e682e0958d71711ae6f39110e4b9cd8cab1357e2a89cb8e1951/orjson-3.11.8-cp311-cp311-musllinux_1_2_x86_64.whl", hash = "sha256:a5c370674ebabe16c6ccac33ff80c62bf8a6e59439f5e9d40c1f5ab8fd2215b7", size = 136425, upload-time = "2026-03-31T16:15:07.052Z" },
    { url = "https://files.pythonhosted.org/packages/b2/35/4d3cc3a3d616035beb51b24a09bb872942dc452cf2df0c1d11ab35046d9f/orjson-3.11.8-cp311-cp311-win32.whl", hash = "sha256:0e32f7154299f42ae66f13488963269e5eccb8d588a65bc839ed986919fc9fac", size = 131870, upload-time = "2026-03-31T16:15:08.678Z" },
    { url = "https://files.pythonhosted.org/packages/13/26/9fe70f81d16b702f8c3a775e8731b50ad91d22dacd14c7599b60a0941cd1/orjson-3.11.8-cp311-cp311-win_amd64.whl", hash = "sha256:25e0c672a2e32348d2eb33057b41e754091f2835f87222e4675b796b92264f06", size = 127440, upload-time = "2026-03-31T16:15:09.994Z" },
    { url = "https://files.pythonhosted.org/packages/e8/c6/b038339f4145efd2859c1ca53097a52c0bb9cbdd24f947ebe146da1ad067/orjson-3.11.8-cp311-cp311-win_arm64.whl", hash = "sha256:9185589c1f2a944c17e26c9925dcdbc2df061cc4a145395c57f0c51f9b5dbfcd", size = 127399, upload-time = "2026-03-31T16:15:11.412Z" },
    { url = "https://files.pythonhosted.org/packages/01/f6/8d58b32ab32d9215973a1688aebd098252ee8af1766c0e4e36e7831f0295/orjson-3.11.8-cp312-cp312-macosx_10_15_x86_64.macosx_11_0_arm64.macosx_10_15_universal2.whl", hash = "sha256:1cd0b77e77c95758f8e1100139844e99f3ccc87e71e6fc8e1c027e55807c549f", size = 229233, upload-time = "2026-03-31T16:15:12.762Z" },
    { url = "https://files.pythonhosted.org/packages/a9/8b/2ffe35e71f6b92622e8ea4607bf33ecf7dfb51b3619dcfabfd36cbe2d0a5/orjson-3.11.8-cp312-cp312-macosx_15_0_arm64.whl", hash = "sha256:6a3d159d5ffa0e3961f353c4b036540996bf8b9697ccc38261c0eac1fd3347a6", size = 128772, upload-time = "2026-03-31T16:15:14.237Z" },
    { url = "https://files.pythonhosted.org/packages/27/d2/1f8682ae50d5c6897a563cb96bc106da8c9cb5b7b6e81a52e4cc086679b9/orjson-3.11.8-cp312-cp312-manylinux_2_17_aarch64.manylinux2014_aarch64.whl", hash = "sha256:76070a76e9c5ae661e2d9848f216980d8d533e0f8143e6ed462807b242e3c5e8", size = 131946, upload-time = "2026-03-31T16:15:15.607Z" },
    { url = "https://files.pythonhosted.org/packages/52/4b/5500f76f0eece84226e0689cb48dcde081104c2fa6e2483d17ca13685ffb/orjson-3.11.8-cp312-cp312-manylinux_2_17_armv7l.manylinux2014_armv7l.whl", hash = "sha256:54153d21520a71a4c82a0dbb4523e468941d549d221dc173de0f019678cf3813", size = 130368, upload-time = "2026-03-31T16:15:17.066Z" },
    { url = "https://files.pythonhosted.org/packages/da/4e/58b927e08fbe9840e6c920d9e299b051ea667463b1f39a56e668669f8508/orjson-3.11.8-cp312-cp312-manylinux_2_17_i686.manylinux2014_i686.whl", hash = "sha256:469ac2125611b7c5741a0b3798cd9e5786cbad6345f9f400c77212be89563bec", size = 135540, upload-time = "2026-03-31T16:15:18.404Z" },
    { url = "https://files.pythonhosted.org/packages/56/7c/ba7cb871cba1bcd5cd02ee34f98d894c6cea96353ad87466e5aef2429c60/orjson-3.11.8-cp312-cp312-manylinux_2_17_ppc64le.manylinux2014_ppc64le.whl", hash = "sha256:14778ffd0f6896aa613951a7fbf4690229aa7a543cb2bfbe9f358e08aafa9546", size = 146877, upload-time = "2026-03-31T16:15:19.833Z" },
    { url = "https://files.pythonhosted.org/packages/0b/5d/eb9c25fc1386696c6a342cd361c306452c75e0b55e86ad602dd4827a7fd7/orjson-3.11.8-cp312-cp312-manylinux_2_17_s390x.manylinux2014_s390x.whl", hash = "sha256:ea56a955056a6d6c550cf18b3348656a9d9a4f02e2d0c02cabf3c73f1055d506", size = 132837, upload-time = "2026-03-31T16:15:21.282Z" },
    { url = "https://files.pythonhosted.org/packages/37/87/5ddeb7fc1fbd9004aeccab08426f34c81a5b4c25c7061281862b015fce2b/orjson-3.11.8-cp312-cp312-manylinux_2_17_x86_64.manylinux2014_x86_64.whl", hash = "sha256:53a0f57e59a530d18a142f4d4ba6dfc708dc5fdedce45e98ff06b44930a2a48f", size = 133624, upload-time = "2026-03-31T16:15:22.641Z" },
    { url = "https://files.pythonhosted.org/packages/22/09/90048793db94ee4b2fcec4ac8e5ddb077367637d6650be896b3494b79bb7/orjson-3.11.8-cp312-cp312-musllinux_1_2_aarch64.whl", hash = "sha256:9b48e274f8824567d74e2158199e269597edf00823a1b12b63d48462bbf5123e", size = 141904, upload-time = "2026-03-31T16:15:24.435Z" },
    { url = "https://files.pythonhosted.org/packages/c0/cf/eb284847487821a5d415e54149a6449ba9bfc5872ce63ab7be41b8ec401c/orjson-3.11.8-cp312-cp312-musllinux_1_2_armv7l.whl", hash = "sha256:3f262401086a3960586af06c054609365e98407151f5ea24a62893a40d80dbbb", size = 423742, upload-time = "2026-03-31T16:15:26.155Z" },
    { url = "https://files.pythonhosted.org/packages/44/09/e12423d327071c851c13e76936f144a96adacfc037394dec35ac3fc8d1e8/orjson-3.11.8-cp312-cp312-musllinux_1_2_i686.whl", hash = "sha256:8e8c6218b614badf8e229b697865df4301afa74b791b6c9ade01d19a9953a942", size = 147806, upload-time = "2026-03-31T16:15:27.909Z" },
    { url = "https://files.pythonhosted.org/packages/b3/6d/37c2589ba864e582ffe7611643314785c6afb1f83c701654ef05daa8fcc7/orjson-3.11.8-cp312-cp312-musllinux_1_2_x86_64.whl", hash = "sha256:093d489fa039ddade2db541097dbb484999fcc65fc2b0ff9819141e2ab364f25", size = 136485, upload-time = "2026-03-31T16:15:29.749Z" },
    { url = "https://files.pythonhosted.org/packages/be/c9/135194a02ab76b04ed9a10f68624b7ebd238bbe55548878b11ff15a0f352/orjson-3.11.8-cp312-cp312-win32.whl", hash = "sha256:e0950ed1bcb9893f4293fd5c5a7ee10934fbf82c4101c70be360db23ce24b7d2", size = 131966, upload-time = "2026-03-31T16:15:31.687Z" },
    { url = "https://files.pythonhosted.org/packages/ed/9a/9796f8fbe3cf30ce9cb696748dbb535e5c87be4bf4fe2e9ca498ef1fa8cf/orjson-3.11.8-cp312-cp312-win_amd64.whl", hash = "sha256:3cf17c141617b88ced4536b2135c552490f07799f6ad565948ea07bef0dcb9a6", size = 127441, upload-time = "2026-03-31T16:15:33.333Z" },
    { url = "https://files.pythonhosted.org/packages/cc/47/5aaf54524a7a4a0dd09dd778f3fa65dd2108290615b652e23d944152bc8e/orjson-3.11.8-cp312-cp312-win_arm64.whl", hash = "sha256:48854463b0572cc87dac7d981aa72ed8bf6deedc0511853dc76b8bbd5482d36d", size = 127364, upload-time = "2026-03-31T16:15:34.748Z" },
]

[[package]]
name = "palsav-cypy"
version = "0.1.2"
source = { editable = "." }
dependencies = [
    { name = "loguru" },
    { name = "orjson" },
    { name = "pyooz" },
    { name = "setuptools" },
]

[package.metadata]
requires-dist = [
    { name = "loguru" },
    { name = "orjson", specifier = ">=3.9.0" },
    { name = "pyooz", git = "https://github.com/CyrixJD115/oozle-cypy.git" },
    { name = "setuptools", specifier = ">=68.0" },
]

[[package]]
name = "pyooz"
version = "0.1.0"
source = { git = "https://github.com/CyrixJD115/oozle-cypy.git#306f98d70a0026d6718a862868e2631f5f075f2d" }

[[package]]
name = "setuptools"
version = "82.0.1"
source = { registry = "https://pypi.org/simple" }
sdist = { url = "https://files.pythonhosted.org/packages/4f/db/cfac1baf10650ab4d1c111714410d2fbb77ac5a616db26775db562c8fab2/setuptools-82.0.1.tar.gz", hash = "sha256:7d872682c5d01cfde07da7bccc7b65469d3dca203318515ada1de5eda35efbf9", size = 1152316, upload-time = "2026-03-09T12:47:17.221Z" }
wheels = [
    { url = "https://files.pythonhosted.org/packages/9d/76/f789f7a86709c6b087c5a2f52f911838cad707cc613162401badc665acfe/setuptools-82.0.1-py3-none-any.whl", hash = "sha256:a59e362652f08dcd477c78bb6e7bd9d80a7995bc73ce773050228a348ce2e5bb", size = 1006223, upload-time = "2026-03-09T12:47:15.026Z" },
]

[[package]]
name = "win32-setctime"
version = "1.2.0"
source = { registry = "https://pypi.org/simple" }
sdist = { url = "https://files.pythonhosted.org/packages/b3/8f/705086c9d734d3b663af0e9bb3d4de6578d08f46b1b101c2442fd9aecaa2/win32_setctime-1.2.0.tar.gz", hash = "sha256:ae1fdf948f5640aae05c511ade119313fb6a30d7eabe25fef9764dca5873c4c0", size = 4867, upload-time = "2024-12-07T15:28:28.314Z" }
wheels = [
    { url = "https://files.pythonhosted.org/packages/e1/07/c6fe3ad3e685340704d314d765b7912993bcb8dc198f0e7a89382d37974b/win32_setctime-1.2.0-py3-none-any.whl", hash = "sha256:95d644c4e708aba81dc3704a116d8cbc974d70b3bdb8be1d150e36be6e9d1390", size = 4083, upload-time = "2024-12-07T15:28:26.465Z" },
]
